
Microsoft Visual Studio Solution File, Format Version 12.00
# Visual Studio 15
VisualStudioVersion = 15.0.27703.2042
MinimumVisualStudioVersion = 10.0.40219.1
Project("{FAE04EC0-301F-11D3-BF4B-00C04F79EFBC}") = "Altkom.Santander.Arka.WinFormsClient", "Altkom.Santander.Arka.WinFormsClient\Altkom.Santander.Arka.WinFormsClient.csproj", "{9A40AEB4-189F-4B6C-A9E1-6D6311B893BD}"
EndProject
Project("{FAE04EC0-301F-11D3-BF4B-00C04F79EFBC}") = "Altkom.Santander.Arka.Models", "Altkom.Santander.Arka.Models\Altkom.Santander.Arka.Models.csproj", "{B3A596AB-8744-4E55-8C75-74272CCDF80B}"
EndProject
Project("{FAE04EC0-301F-11D3-BF4B-00C04F79EFBC}") = "Altkom.Santander.Arka.IServices", "Altkom.Santander.Arka.IServices\Altkom.Santander.Arka.IServices.csproj", "{DDFA9C32-404A-4194-985B-39886C6387B3}"
EndProject
Project("{FAE04EC0-301F-11D3-BF4B-00C04F79EFBC}") = "Altkom.Santander.Arka.MockServices", "Altkom.Santander.Arka.MockServices\Altkom.Santander.Arka.MockServices.csproj", "{038427C2-E899-4539-A2F1-3FDBCE36DE63}"
EndProject
Project("{FAE04EC0-301F-11D3-BF4B-00C04F79EFBC}") = "Altkom.Santander.Arka.WPFClient", "Altkom.Santander.Arka.WPFClient\Altkom.Santander.Arka.WPFClient.csproj", "{15AF6BC9-5A3D-4F96-8476-9EA47BBF1C9A}"
EndProject
Project("{FAE04EC0-301F-11D3-BF4B-00C04F79EFBC}") = "Altkom.Santander.Arka.ViewModels", "Altkom.Santander.Arka.ViewModels\Altkom.Santander.Arka.ViewModels.csproj", "{3D1B5C0F-D4B7-4160-90F2-048FCA9051BF}"
EndProject
Project("{FAE04EC0-301F-11D3-BF4B-00C04F79EFBC}") = "Altkom.Santander.Arka.WPFViews", "Altkom.Santander.Arka.WPFViews\Altkom.Santander.Arka.WPFViews.csproj", "{392DA64A-0E29-4C16-A180-C8DB84F08668}"
EndProject
Project("{FAE04EC0-301F-11D3-BF4B-00C04F79EFBC}") = "Altkom.Santander.Arka.DbServices", "Altkom.Santander.Arka.DbServices\Altkom.Santander.Arka.DbServices.csproj", "{87E0938D-9851-465D-A660-AFBA772102B9}"
EndProject
Global
	GlobalSection(SolutionConfigurationPlatforms) = preSolution
		Debug|Any CPU = Debug|Any CPU
		Release|Any CPU = Release|Any CPU
	EndGlobalSection
	GlobalSection(ProjectConfigurationPlatforms) = postSolution
		{9A40AEB4-189F-4B6C-A9E1-6D6311B893BD}.Debug|Any CPU.ActiveCfg = Debug|Any CPU
		{9A40AEB4-189F-4B6C-A9E1-6D6311B893BD}.Debug|Any CPU.Build.0 = Debug|Any CPU
		{9A40AEB4-189F-4B6C-A9E1-6D6311B893BD}.Release|Any CPU.ActiveCfg = Release|Any CPU
		{9A40AEB4-189F-4B6C-A9E1-6D6311B893BD}.Release|Any CPU.Build.0 = Release|Any CPU
		{B3A596AB-8744-4E55-8C75-74272CCDF80B}.Debug|Any CPU.ActiveCfg = Debug|Any CPU
		{B3A596AB-8744-4E55-8C75-74272CCDF80B}.Debug|Any CPU.Build.0 = Debug|Any CPU
		{B3A596AB-8744-4E55-8C75-74272CCDF80B}.Release|Any CPU.ActiveCfg = Release|Any CPU
		{B3A596AB-8744-4E55-8C75-74272CCDF80B}.Release|Any CPU.Build.0 = Release|Any CPU
		{DDFA9C32-404A-4194-985B-39886C6387B3}.Debug|Any CPU.ActiveCfg = Debug|Any CPU
		{DDFA9C32-404A-4194-985B-39886C6387B3}.Debug|Any CPU.Build.0 = Debug|Any CPU
		{DDFA9C32-404A-4194-985B-39886C6387B3}.Release|Any CPU.ActiveCfg = Release|Any CPU
		{DDFA9C32-404A-4194-985B-39886C6387B3}.Release|Any CPU.Build.0 = Release|Any CPU
		{038427C2-E899-4539-A2F1-3FDBCE36DE63}.Debug|Any CPU.ActiveCfg = Debug|Any CPU
		{038427C2-E899-4539-A2F1-3FDBCE36DE63}.Debug|Any CPU.Build.0 = Debug|Any CPU
		{038427C2-E899-4539-A2F1-3FDBCE36DE63}.Release|Any CPU.ActiveCfg = Release|Any CPU
		{038427C2-E899-4539-A2F1-3FDBCE36DE63}.Release|Any CPU.Build.0 = Release|Any CPU
		{15AF6BC9-5A3D-4F96-8476-9EA47BBF1C9A}.Debug|Any CPU.ActiveCfg = Debug|Any CPU
		{15AF6BC9-5A3D-4F96-8476-9EA47BBF1C9A}.Debug|Any CPU.Build.0 = Debug|Any CPU
		{15AF6BC9-5A3D-4F96-8476-9EA47BBF1C9A}.Release|Any CPU.ActiveCfg = Release|Any CPU
		{15AF6BC9-5A3D-4F96-8476-9EA47BBF1C9A}.Release|Any CPU.Build.0 = Release|Any CPU
		{3D1B5C0F-D4B7-4160-90F2-048FCA9051BF}.Debug|Any CPU.ActiveCfg = Debug|Any CPU
		{3D1B5C0F-D4B7-4160-90F2-048FCA9051BF}.Debug|Any CPU.Build.0 = Debug|Any CPU
		{3D1B5C0F-D4B7-4160-90F2-048FCA9051BF}.Release|Any CPU.ActiveCfg = Release|Any CPU
		{3D1B5C0F-D4B7-4160-90F2-048FCA9051BF}.Release|Any CPU.Build.0 = Release|Any CPU
		{392DA64A-0E29-4C16-A180-C8DB84F08668}.Debug|Any CPU.ActiveCfg = Debug|Any CPU
		{392DA64A-0E29-4C16-A180-C8DB84F08668}.Debug|Any CPU.Build.0 = Debug|Any CPU
		{392DA64A-0E29-4C16-A180-C8DB84F08668}.Release|Any CPU.ActiveCfg = Release|Any CPU
		{392DA64A-0E29-4C16-A180-C8DB84F08668}.Release|Any CPU.Build.0 = Release|Any CPU
		{87E0938D-9851-465D-A660-AFBA772102B9}.Debug|Any CPU.ActiveCfg = Debug|Any CPU
		{87E0938D-9851-465D-A660-AFBA772102B9}.Debug|Any CPU.Build.0 = Debug|Any CPU
		{87E0938D-9851-465D-A660-AFBA772102B9}.Release|Any CPU.ActiveCfg = Release|Any CPU
		{87E0938D-9851-465D-A660-AFBA772102B9}.Release|Any CPU.Build.0 = Release|Any CPU
	EndGlobalSection
	GlobalSection(SolutionProperties) = preSolution
		HideSolutionNode = FALSE
	EndGlobalSection
	GlobalSection(ExtensibilityGlobals) = postSolution
		SolutionGuid = {E08203DB-E33A-410B-9E3F-0FCC51AFE63B}
	EndGlobalSection
EndGlobal
